
Microsoft Visual Studio Solution File, Format Version 12.00
# Visual Studio Version 17
VisualStudioVersion = 17.4.33110.190
MinimumVisualStudioVersion = 10.0.40219.1
Project("{FAE04EC0-301F-11D3-BF4B-00C04F79EFBC}") = "7.1.5_ckass_food", "7.1.5_ckass_food\7.1.5_ckass_food.csproj", "{CEDA1DA2-1B95-4707-A169-2FDCC2B35E67}"
EndProject
Global
	GlobalSection(SolutionConfigurationPlatforms) = preSolution
		Debug|Any CPU = Debug|Any CPU
		Release|Any CPU = Release|Any CPU
	EndGlobalSection
	GlobalSection(ProjectConfigurationPlatforms) = postSolution
		{CEDA1DA2-1B95-4707-A169-2FDCC2B35E67}.Debug|Any CPU.ActiveCfg = Debug|Any CPU
		{CEDA1DA2-1B95-4707-A169-2FDCC2B35E67}.Debug|Any CPU.Build.0 = Debug|Any CPU
		{CEDA1DA2-1B95-4707-A169-2FDCC2B35E67}.Release|Any CPU.ActiveCfg = Release|Any CPU
		{CEDA1DA2-1B95-4707-A169-2FDCC2B35E67}.Release|Any CPU.Build.0 = Release|Any CPU
	EndGlobalSection
	GlobalSection(SolutionProperties) = preSolution
		HideSolutionNode = FALSE
	EndGlobalSection
	GlobalSection(ExtensibilityGlobals) = postSolution
		SolutionGuid = {7820AB6C-0859-4461-8151-4416B93FB54C}
	EndGlobalSection
EndGlobal
